
Microsoft Visual Studio Solution File, Format Version 12.00
# Visual Studio 14
VisualStudioVersion = 14.0.23107.0
MinimumVisualStudioVersion = 10.0.40219.1
Project("{FAE04EC0-301F-11D3-BF4B-00C04F79EFBC}") = "FL.Entity", "FL.Entity\FL.Entity.csproj", "{E2CBABD3-1680-4A13-A3ED-31354831DE7E}"
EndProject
Project("{FAE04EC0-301F-11D3-BF4B-00C04F79EFBC}") = "FL.Business", "FL.Business\FL.Business.csproj", "{62292020-7B84-4C3F-8923-F3FE9404863C}"
EndProject
Project("{FAE04EC0-301F-11D3-BF4B-00C04F79EFBC}") = "FL.DataAcess", "FL.DataAcess\FL.DataAcess.csproj", "{C29DDFA9-4EEC-4082-98B2-9BA3320AABAA}"
EndProject
Project("{FAE04EC0-301F-11D3-BF4B-00C04F79EFBC}") = "FL.APP", "FL.APP\FL.APP.csproj", "{52EBD34A-4F37-4781-AD88-60F4107B31A7}"
EndProject
Project("{FAE04EC0-301F-11D3-BF4B-00C04F79EFBC}") = "FL.Common", "FL.Common\FL.Common.csproj", "{553F76E6-BA86-4A02-91A1-A2497F81EF3D}"
EndProject
Project("{FAE04EC0-301F-11D3-BF4B-00C04F79EFBC}") = "FL.Tests", "FL.Tests\FL.Tests.csproj", "{C670B7CF-DA4C-4814-97A6-F9DE8CFB24CB}"
EndProject
Global
	GlobalSection(SolutionConfigurationPlatforms) = preSolution
		Debug|Any CPU = Debug|Any CPU
		Debug|ARM = Debug|ARM
		Debug|x64 = Debug|x64
		Debug|x86 = Debug|x86
		Release|Any CPU = Release|Any CPU
		Release|ARM = Release|ARM
		Release|x64 = Release|x64
		Release|x86 = Release|x86
	EndGlobalSection
	GlobalSection(ProjectConfigurationPlatforms) = postSolution
		{E2CBABD3-1680-4A13-A3ED-31354831DE7E}.Debug|Any CPU.ActiveCfg = Debug|Any CPU
		{E2CBABD3-1680-4A13-A3ED-31354831DE7E}.Debug|Any CPU.Build.0 = Debug|Any CPU
		{E2CBABD3-1680-4A13-A3ED-31354831DE7E}.Debug|ARM.ActiveCfg = Debug|Any CPU
		{E2CBABD3-1680-4A13-A3ED-31354831DE7E}.Debug|ARM.Build.0 = Debug|Any CPU
		{E2CBABD3-1680-4A13-A3ED-31354831DE7E}.Debug|x64.ActiveCfg = Debug|Any CPU
		{E2CBABD3-1680-4A13-A3ED-31354831DE7E}.Debug|x64.Build.0 = Debug|Any CPU
		{E2CBABD3-1680-4A13-A3ED-31354831DE7E}.Debug|x86.ActiveCfg = Debug|Any CPU
		{E2CBABD3-1680-4A13-A3ED-31354831DE7E}.Debug|x86.Build.0 = Debug|Any CPU
		{E2CBABD3-1680-4A13-A3ED-31354831DE7E}.Release|Any CPU.ActiveCfg = Release|Any CPU
		{E2CBABD3-1680-4A13-A3ED-31354831DE7E}.Release|Any CPU.Build.0 = Release|Any CPU
		{E2CBABD3-1680-4A13-A3ED-31354831DE7E}.Release|ARM.ActiveCfg = Release|Any CPU
		{E2CBABD3-1680-4A13-A3ED-31354831DE7E}.Release|ARM.Build.0 = Release|Any CPU
		{E2CBABD3-1680-4A13-A3ED-31354831DE7E}.Release|x64.ActiveCfg = Release|Any CPU
		{E2CBABD3-1680-4A13-A3ED-31354831DE7E}.Release|x64.Build.0 = Release|Any CPU
		{E2CBABD3-1680-4A13-A3ED-31354831DE7E}.Release|x86.ActiveCfg = Release|Any CPU
		{E2CBABD3-1680-4A13-A3ED-31354831DE7E}.Release|x86.Build.0 = Release|Any CPU
		{62292020-7B84-4C3F-8923-F3FE9404863C}.Debug|Any CPU.ActiveCfg = Debug|Any CPU
		{62292020-7B84-4C3F-8923-F3FE9404863C}.Debug|Any CPU.Build.0 = Debug|Any CPU
		{62292020-7B84-4C3F-8923-F3FE9404863C}.Debug|ARM.ActiveCfg = Debug|Any CPU
		{62292020-7B84-4C3F-8923-F3FE9404863C}.Debug|ARM.Build.0 = Debug|Any CPU
		{62292020-7B84-4C3F-8923-F3FE9404863C}.Debug|x64.ActiveCfg = Debug|Any CPU
		{62292020-7B84-4C3F-8923-F3FE9404863C}.Debug|x64.Build.0 = Debug|Any CPU
		{62292020-7B84-4C3F-8923-F3FE9404863C}.Debug|x86.ActiveCfg = Debug|Any CPU
		{62292020-7B84-4C3F-8923-F3FE9404863C}.Debug|x86.Build.0 = Debug|Any CPU
		{62292020-7B84-4C3F-8923-F3FE9404863C}.Release|Any CPU.ActiveCfg = Release|Any CPU
		{62292020-7B84-4C3F-8923-F3FE9404863C}.Release|Any CPU.Build.0 = Release|Any CPU
		{62292020-7B84-4C3F-8923-F3FE9404863C}.Release|ARM.ActiveCfg = Release|Any CPU
		{62292020-7B84-4C3F-8923-F3FE9404863C}.Release|ARM.Build.0 = Release|Any CPU
		{62292020-7B84-4C3F-8923-F3FE9404863C}.Release|x64.ActiveCfg = Release|Any CPU
		{62292020-7B84-4C3F-8923-F3FE9404863C}.Release|x64.Build.0 = Release|Any CPU
		{62292020-7B84-4C3F-8923-F3FE9404863C}.Release|x86.ActiveCfg = Release|Any CPU
		{62292020-7B84-4C3F-8923-F3FE9404863C}.Release|x86.Build.0 = Release|Any CPU
		{C29DDFA9-4EEC-4082-98B2-9BA3320AABAA}.Debug|Any CPU.ActiveCfg = Debug|Any CPU
		{C29DDFA9-4EEC-4082-98B2-9BA3320AABAA}.Debug|Any CPU.Build.0 = Debug|Any CPU
		{C29DDFA9-4EEC-4082-98B2-9BA3320AABAA}.Debug|ARM.ActiveCfg = Debug|Any CPU
		{C29DDFA9-4EEC-4082-98B2-9BA3320AABAA}.Debug|ARM.Build.0 = Debug|Any CPU
		{C29DDFA9-4EEC-4082-98B2-9BA3320AABAA}.Debug|x64.ActiveCfg = Debug|Any CPU
		{C29DDFA9-4EEC-4082-98B2-9BA3320AABAA}.Debug|x64.Build.0 = Debug|Any CPU
		{C29DDFA9-4EEC-4082-98B2-9BA3320AABAA}.Debug|x86.ActiveCfg = Debug|Any CPU
		{C29DDFA9-4EEC-4082-98B2-9BA3320AABAA}.Debug|x86.Build.0 = Debug|Any CPU
		{C29DDFA9-4EEC-4082-98B2-9BA3320AABAA}.Release|Any CPU.ActiveCfg = Release|Any CPU
		{C29DDFA9-4EEC-4082-98B2-9BA3320AABAA}.Release|Any CPU.Build.0 = Release|Any CPU
		{C29DDFA9-4EEC-4082-98B2-9BA3320AABAA}.Release|ARM.ActiveCfg = Release|Any CPU
		{C29DDFA9-4EEC-4082-98B2-9BA3320AABAA}.Release|ARM.Build.0 = Release|Any CPU
		{C29DDFA9-4EEC-4082-98B2-9BA3320AABAA}.Release|x64.ActiveCfg = Release|Any CPU
		{C29DDFA9-4EEC-4082-98B2-9BA3320AABAA}.Release|x64.Build.0 = Release|Any CPU
		{C29DDFA9-4EEC-4082-98B2-9BA3320AABAA}.Release|x86.ActiveCfg = Release|Any CPU
		{C29DDFA9-4EEC-4082-98B2-9BA3320AABAA}.Release|x86.Build.0 = Release|Any CPU
		{52EBD34A-4F37-4781-AD88-60F4107B31A7}.Debug|Any CPU.ActiveCfg = Debug|Any CPU
		{52EBD34A-4F37-4781-AD88-60F4107B31A7}.Debug|Any CPU.Build.0 = Debug|Any CPU
		{52EBD34A-4F37-4781-AD88-60F4107B31A7}.Debug|ARM.ActiveCfg = Debug|Any CPU
		{52EBD34A-4F37-4781-AD88-60F4107B31A7}.Debug|ARM.Build.0 = Debug|Any CPU
		{52EBD34A-4F37-4781-AD88-60F4107B31A7}.Debug|x64.ActiveCfg = Debug|Any CPU
		{52EBD34A-4F37-4781-AD88-60F4107B31A7}.Debug|x64.Build.0 = Debug|Any CPU
		{52EBD34A-4F37-4781-AD88-60F4107B31A7}.Debug|x86.ActiveCfg = Debug|Any CPU
		{52EBD34A-4F37-4781-AD88-60F4107B31A7}.Debug|x86.Build.0 = Debug|Any CPU
		{52EBD34A-4F37-4781-AD88-60F4107B31A7}.Release|Any CPU.ActiveCfg = Release|Any CPU
		{52EBD34A-4F37-4781-AD88-60F4107B31A7}.Release|Any CPU.Build.0 = Release|Any CPU
		{52EBD34A-4F37-4781-AD88-60F4107B31A7}.Release|ARM.ActiveCfg = Release|Any CPU
		{52EBD34A-4F37-4781-AD88-60F4107B31A7}.Release|ARM.Build.0 = Release|Any CPU
		{52EBD34A-4F37-4781-AD88-60F4107B31A7}.Release|x64.ActiveCfg = Release|Any CPU
		{52EBD34A-4F37-4781-AD88-60F4107B31A7}.Release|x64.Build.0 = Release|Any CPU
		{52EBD34A-4F37-4781-AD88-60F4107B31A7}.Release|x86.ActiveCfg = Release|Any CPU
		{52EBD34A-4F37-4781-AD88-60F4107B31A7}.Release|x86.Build.0 = Release|Any CPU
		{553F76E6-BA86-4A02-91A1-A2497F81EF3D}.Debug|Any CPU.ActiveCfg = Debug|Any CPU
		{553F76E6-BA86-4A02-91A1-A2497F81EF3D}.Debug|Any CPU.Build.0 = Debug|Any CPU
		{553F76E6-BA86-4A02-91A1-A2497F81EF3D}.Debug|ARM.ActiveCfg = Debug|Any CPU
		{553F76E6-BA86-4A02-91A1-A2497F81EF3D}.Debug|ARM.Build.0 = Debug|Any CPU
		{553F76E6-BA86-4A02-91A1-A2497F81EF3D}.Debug|x64.ActiveCfg = Debug|Any CPU
		{553F76E6-BA86-4A02-91A1-A2497F81EF3D}.Debug|x64.Build.0 = Debug|Any CPU
		{553F76E6-BA86-4A02-91A1-A2497F81EF3D}.Debug|x86.ActiveCfg = Debug|Any CPU
		{553F76E6-BA86-4A02-91A1-A2497F81EF3D}.Debug|x86.Build.0 = Debug|Any CPU
		{553F76E6-BA86-4A02-91A1-A2497F81EF3D}.Release|Any CPU.ActiveCfg = Release|Any CPU
		{553F76E6-BA86-4A02-91A1-A2497F81EF3D}.Release|Any CPU.Build.0 = Release|Any CPU
		{553F76E6-BA86-4A02-91A1-A2497F81EF3D}.Release|ARM.ActiveCfg = Release|Any CPU
		{553F76E6-BA86-4A02-91A1-A2497F81EF3D}.Release|ARM.Build.0 = Release|Any CPU
		{553F76E6-BA86-4A02-91A1-A2497F81EF3D}.Release|x64.ActiveCfg = Release|Any CPU
		{553F76E6-BA86-4A02-91A1-A2497F81EF3D}.Release|x64.Build.0 = Release|Any CPU
		{553F76E6-BA86-4A02-91A1-A2497F81EF3D}.Release|x86.ActiveCfg = Release|Any CPU
		{553F76E6-BA86-4A02-91A1-A2497F81EF3D}.Release|x86.Build.0 = Release|Any CPU
		{C670B7CF-DA4C-4814-97A6-F9DE8CFB24CB}.Debug|Any CPU.ActiveCfg = Debug|Any CPU
		{C670B7CF-DA4C-4814-97A6-F9DE8CFB24CB}.Debug|Any CPU.Build.0 = Debug|Any CPU
		{C670B7CF-DA4C-4814-97A6-F9DE8CFB24CB}.Debug|ARM.ActiveCfg = Debug|Any CPU
		{C670B7CF-DA4C-4814-97A6-F9DE8CFB24CB}.Debug|ARM.Build.0 = Debug|Any CPU
		{C670B7CF-DA4C-4814-97A6-F9DE8CFB24CB}.Debug|x64.ActiveCfg = Debug|Any CPU
		{C670B7CF-DA4C-4814-97A6-F9DE8CFB24CB}.Debug|x64.Build.0 = Debug|Any CPU
		{C670B7CF-DA4C-4814-97A6-F9DE8CFB24CB}.Debug|x86.ActiveCfg = Debug|Any CPU
		{C670B7CF-DA4C-4814-97A6-F9DE8CFB24CB}.Debug|x86.Build.0 = Debug|Any CPU
		{C670B7CF-DA4C-4814-97A6-F9DE8CFB24CB}.Release|Any CPU.ActiveCfg = Release|Any CPU
		{C670B7CF-DA4C-4814-97A6-F9DE8CFB24CB}.Release|Any CPU.Build.0 = Release|Any CPU
		{C670B7CF-DA4C-4814-97A6-F9DE8CFB24CB}.Release|ARM.ActiveCfg = Release|Any CPU
		{C670B7CF-DA4C-4814-97A6-F9DE8CFB24CB}.Release|ARM.Build.0 = Release|Any CPU
		{C670B7CF-DA4C-4814-97A6-F9DE8CFB24CB}.Release|x64.ActiveCfg = Release|Any CPU
		{C670B7CF-DA4C-4814-97A6-F9DE8CFB24CB}.Release|x64.Build.0 = Release|Any CPU
		{C670B7CF-DA4C-4814-97A6-F9DE8CFB24CB}.Release|x86.ActiveCfg = Release|Any CPU
		{C670B7CF-DA4C-4814-97A6-F9DE8CFB24CB}.Release|x86.Build.0 = Release|Any CPU
	EndGlobalSection
	GlobalSection(SolutionProperties) = preSolution
		HideSolutionNode = FALSE
	EndGlobalSection
EndGlobal
